
Microsoft Visual Studio Solution File, Format Version 12.00
# Visual Studio Version 16
VisualStudioVersion = 16.0.30503.244
MinimumVisualStudioVersion = 10.0.40219.1
Project("{FAE04EC0-301F-11D3-BF4B-00C04F79EFBC}") = "PharmacyApp", "PharmacyApp\PharmacyApp.csproj", "{90F07573-1198-435E-81B2-56146490A2FF}"
EndProject
Global
	GlobalSection(SolutionConfigurationPlatforms) = preSolution
		Debug|Any CPU = Debug|Any CPU
		Release|Any CPU = Release|Any CPU
	EndGlobalSection
	GlobalSection(ProjectConfigurationPlatforms) = postSolution
		{90F07573-1198-435E-81B2-56146490A2FF}.Debug|Any CPU.ActiveCfg = Debug|Any CPU
		{90F07573-1198-435E-81B2-56146490A2FF}.Debug|Any CPU.Build.0 = Debug|Any CPU
		{90F07573-1198-435E-81B2-56146490A2FF}.Release|Any CPU.ActiveCfg = Release|Any CPU
		{90F07573-1198-435E-81B2-56146490A2FF}.Release|Any CPU.Build.0 = Release|Any CPU
	EndGlobalSection
	GlobalSection(SolutionProperties) = preSolution
		HideSolutionNode = FALSE
	EndGlobalSection
	GlobalSection(ExtensibilityGlobals) = postSolution
		SolutionGuid = {02C76BB6-B7AC-45AA-915D-9DD745EF00CF}
	EndGlobalSection
EndGlobal
